
Microsoft Visual Studio Solution File, Format Version 12.00
# Visual Studio Version 17
VisualStudioVersion = 17.14.35806.103
MinimumVisualStudioVersion = 10.0.40219.1
Project("{FAE04EC0-301F-11D3-BF4B-00C04F79EFBC}") = "OnionProject.Core.Layer", "OnionProject.Core.Layer\OnionProject.Core.Layer.csproj", "{BC420D46-B494-4AD9-B800-BCF1C6F7617A}"
EndProject
Project("{FAE04EC0-301F-11D3-BF4B-00C04F79EFBC}") = "OnionProject.Application.Layer", "OnionProject.Application.Layer\OnionProject.Application.Layer.csproj", "{C1525550-DE46-4129-B54A-E13D4280BCB1}"
EndProject
Project("{FAE04EC0-301F-11D3-BF4B-00C04F79EFBC}") = "OnionProject.Infrastructure.Layer", "OnionProject.Infrastructure.Layer\OnionProject.Infrastructure.Layer.csproj", "{626BB3B2-E341-4AA4-BEA8-8BEF1FE638CC}"
EndProject
Project("{2150E333-8FDC-42A3-9474-1A3956D46DE8}") = "Solution Items", "Solution Items", "{8EC462FD-D22E-90A8-E5CE-7E832BA40C5D}"
	ProjectSection(SolutionItems) = preProject
		Notes.txt = Notes.txt
	EndProjectSection
EndProject
Project("{FAE04EC0-301F-11D3-BF4B-00C04F79EFBC}") = "OnionProject.UI.MVCCore", "OnionProject.UI.MVCCore\OnionProject.UI.MVCCore.csproj", "{D566C48F-1AA7-4CA2-BF04-0B9B66CC25BC}"
EndProject
Global
	GlobalSection(SolutionConfigurationPlatforms) = preSolution
		Debug|Any CPU = Debug|Any CPU
		Release|Any CPU = Release|Any CPU
	EndGlobalSection
	GlobalSection(ProjectConfigurationPlatforms) = postSolution
		{BC420D46-B494-4AD9-B800-BCF1C6F7617A}.Debug|Any CPU.ActiveCfg = Debug|Any CPU
		{BC420D46-B494-4AD9-B800-BCF1C6F7617A}.Debug|Any CPU.Build.0 = Debug|Any CPU
		{BC420D46-B494-4AD9-B800-BCF1C6F7617A}.Release|Any CPU.ActiveCfg = Release|Any CPU
		{BC420D46-B494-4AD9-B800-BCF1C6F7617A}.Release|Any CPU.Build.0 = Release|Any CPU
		{C1525550-DE46-4129-B54A-E13D4280BCB1}.Debug|Any CPU.ActiveCfg = Debug|Any CPU
		{C1525550-DE46-4129-B54A-E13D4280BCB1}.Debug|Any CPU.Build.0 = Debug|Any CPU
		{C1525550-DE46-4129-B54A-E13D4280BCB1}.Release|Any CPU.ActiveCfg = Release|Any CPU
		{C1525550-DE46-4129-B54A-E13D4280BCB1}.Release|Any CPU.Build.0 = Release|Any CPU
		{626BB3B2-E341-4AA4-BEA8-8BEF1FE638CC}.Debug|Any CPU.ActiveCfg = Debug|Any CPU
		{626BB3B2-E341-4AA4-BEA8-8BEF1FE638CC}.Debug|Any CPU.Build.0 = Debug|Any CPU
		{626BB3B2-E341-4AA4-BEA8-8BEF1FE638CC}.Release|Any CPU.ActiveCfg = Release|Any CPU
		{626BB3B2-E341-4AA4-BEA8-8BEF1FE638CC}.Release|Any CPU.Build.0 = Release|Any CPU
		{D566C48F-1AA7-4CA2-BF04-0B9B66CC25BC}.Debug|Any CPU.ActiveCfg = Debug|Any CPU
		{D566C48F-1AA7-4CA2-BF04-0B9B66CC25BC}.Debug|Any CPU.Build.0 = Debug|Any CPU
		{D566C48F-1AA7-4CA2-BF04-0B9B66CC25BC}.Release|Any CPU.ActiveCfg = Release|Any CPU
		{D566C48F-1AA7-4CA2-BF04-0B9B66CC25BC}.Release|Any CPU.Build.0 = Release|Any CPU
	EndGlobalSection
	GlobalSection(SolutionProperties) = preSolution
		HideSolutionNode = FALSE
	EndGlobalSection
	GlobalSection(ExtensibilityGlobals) = postSolution
		SolutionGuid = {46FDC7C2-6F5F-4244-AE03-01D00D47ED5A}
	EndGlobalSection
EndGlobal
